
Microsoft Visual Studio Solution File, Format Version 12.00
# Visual Studio 15
VisualStudioVersion = 15.0.27703.2042
MinimumVisualStudioVersion = 10.0.40219.1
Project("{FAE04EC0-301F-11D3-BF4B-00C04F79EFBC}") = "ActivitiesManager.WebApp", "ActivitiesManager.WebApp\ActivitiesManager.WebApp.csproj", "{6266195F-7ABA-4C35-BF0A-FC95A5FAF6D2}"
EndProject
Project("{FAE04EC0-301F-11D3-BF4B-00C04F79EFBC}") = "ActivitiesManager.WebApiRestFulClient", "ActivitiesManager.WebApiRestFulClient\ActivitiesManager.WebApiRestFulClient.csproj", "{6DC4FB63-89AE-42EC-A2A6-CE38A6F02B2A}"
EndProject
Project("{FAE04EC0-301F-11D3-BF4B-00C04F79EFBC}") = "ActivitiesManager.WebApi", "ActivitiesManager.WebApi\ActivitiesManager.WebApi.csproj", "{64A15854-A29F-4B91-AF16-837DE5554E98}"
EndProject
Project("{FAE04EC0-301F-11D3-BF4B-00C04F79EFBC}") = "ActivitiesManager.Business", "ActivitiesManager.Business\ActivitiesManager.Business.csproj", "{D9CD55D3-0CB9-4EEC-8FA1-D1C8B6B0E5A5}"
EndProject
Project("{2150E333-8FDC-42A3-9474-1A3956D46DE8}") = "ActivitiesManager.Testing", "ActivitiesManager.Testing", "{904975C9-31C1-41D1-83FD-32FB046E688E}"
EndProject
Project("{FAE04EC0-301F-11D3-BF4B-00C04F79EFBC}") = "ActivitiesManager.Data", "ActivitiesManager.Data\ActivitiesManager.Data.csproj", "{015FD802-6C7C-4D2B-9FC2-A0C40A1F406F}"
EndProject
Project("{FAE04EC0-301F-11D3-BF4B-00C04F79EFBC}") = "ActivitiesManager.Shared", "ActivitiesManager.Shared\ActivitiesManager.Shared.csproj", "{018E5BD4-7A2E-4B0F-A8A0-D6A0DE00E5EF}"
EndProject
Global
	GlobalSection(SolutionConfigurationPlatforms) = preSolution
		Debug|Any CPU = Debug|Any CPU
		Release|Any CPU = Release|Any CPU
	EndGlobalSection
	GlobalSection(ProjectConfigurationPlatforms) = postSolution
		{6266195F-7ABA-4C35-BF0A-FC95A5FAF6D2}.Debug|Any CPU.ActiveCfg = Debug|Any CPU
		{6266195F-7ABA-4C35-BF0A-FC95A5FAF6D2}.Debug|Any CPU.Build.0 = Debug|Any CPU
		{6266195F-7ABA-4C35-BF0A-FC95A5FAF6D2}.Release|Any CPU.ActiveCfg = Release|Any CPU
		{6266195F-7ABA-4C35-BF0A-FC95A5FAF6D2}.Release|Any CPU.Build.0 = Release|Any CPU
		{6DC4FB63-89AE-42EC-A2A6-CE38A6F02B2A}.Debug|Any CPU.ActiveCfg = Debug|Any CPU
		{6DC4FB63-89AE-42EC-A2A6-CE38A6F02B2A}.Debug|Any CPU.Build.0 = Debug|Any CPU
		{6DC4FB63-89AE-42EC-A2A6-CE38A6F02B2A}.Release|Any CPU.ActiveCfg = Release|Any CPU
		{6DC4FB63-89AE-42EC-A2A6-CE38A6F02B2A}.Release|Any CPU.Build.0 = Release|Any CPU
		{64A15854-A29F-4B91-AF16-837DE5554E98}.Debug|Any CPU.ActiveCfg = Debug|Any CPU
		{64A15854-A29F-4B91-AF16-837DE5554E98}.Debug|Any CPU.Build.0 = Debug|Any CPU
		{64A15854-A29F-4B91-AF16-837DE5554E98}.Release|Any CPU.ActiveCfg = Release|Any CPU
		{64A15854-A29F-4B91-AF16-837DE5554E98}.Release|Any CPU.Build.0 = Release|Any CPU
		{D9CD55D3-0CB9-4EEC-8FA1-D1C8B6B0E5A5}.Debug|Any CPU.ActiveCfg = Debug|Any CPU
		{D9CD55D3-0CB9-4EEC-8FA1-D1C8B6B0E5A5}.Debug|Any CPU.Build.0 = Debug|Any CPU
		{D9CD55D3-0CB9-4EEC-8FA1-D1C8B6B0E5A5}.Release|Any CPU.ActiveCfg = Release|Any CPU
		{D9CD55D3-0CB9-4EEC-8FA1-D1C8B6B0E5A5}.Release|Any CPU.Build.0 = Release|Any CPU
		{015FD802-6C7C-4D2B-9FC2-A0C40A1F406F}.Debug|Any CPU.ActiveCfg = Debug|Any CPU
		{015FD802-6C7C-4D2B-9FC2-A0C40A1F406F}.Debug|Any CPU.Build.0 = Debug|Any CPU
		{015FD802-6C7C-4D2B-9FC2-A0C40A1F406F}.Release|Any CPU.ActiveCfg = Release|Any CPU
		{015FD802-6C7C-4D2B-9FC2-A0C40A1F406F}.Release|Any CPU.Build.0 = Release|Any CPU
		{018E5BD4-7A2E-4B0F-A8A0-D6A0DE00E5EF}.Debug|Any CPU.ActiveCfg = Debug|Any CPU
		{018E5BD4-7A2E-4B0F-A8A0-D6A0DE00E5EF}.Debug|Any CPU.Build.0 = Debug|Any CPU
		{018E5BD4-7A2E-4B0F-A8A0-D6A0DE00E5EF}.Release|Any CPU.ActiveCfg = Release|Any CPU
		{018E5BD4-7A2E-4B0F-A8A0-D6A0DE00E5EF}.Release|Any CPU.Build.0 = Release|Any CPU
	EndGlobalSection
	GlobalSection(SolutionProperties) = preSolution
		HideSolutionNode = FALSE
	EndGlobalSection
	GlobalSection(ExtensibilityGlobals) = postSolution
		SolutionGuid = {293B2C64-A932-4E03-BE01-4C1890629DA5}
	EndGlobalSection
EndGlobal
